// !$*UTF8*$!
{
	archiveVersion = 1;
	classes = {
	};
	objectVersion = 50;
	objects = {

/* Begin PBXBuildFile section */
		7E7E8C9526B14B63000B87D1 /* AppDelegate.swift in Sources */ = {isa = PBXBuildFile; fileRef = 7E7E8C9426B14B63000B87D1 /* AppDelegate.swift */; };
		7E7E8C9726B14B63000B87D1 /* SceneDelegate.swift in Sources */ = {isa = PBXBuildFile; fileRef = 7E7E8C9626B14B63000B87D1 /* SceneDelegate.swift */; };
		7E7E8C9E26B14B67000B87D1 /* Assets.xcassets in Resources */ = {isa = PBXBuildFile; fileRef = 7E7E8C9D26B14B67000B87D1 /* Assets.xcassets */; };
		7E90E90D26BAC7CD000D8DD8 /* ImageScrollViewController.swift in Sources */ = {isa = PBXBuildFile; fileRef = 7E90E90C26BAC7CD000D8DD8 /* ImageScrollViewController.swift */; };
		7E96F5FE26B29A78001C6C59 /* MainTabBarViewController.swift in Sources */ = {isa = PBXBuildFile; fileRef = 7E96F5FD26B29A78001C6C59 /* MainTabBarViewController.swift */; };
		7E96F60426B29E86001C6C59 /* SettingsViewController.m in Sources */ = {isa = PBXBuildFile; fileRef = 7E96F60326B29E86001C6C59 /* SettingsViewController.m */; };
		7E96F60E26B35A75001C6C59 /* HomeCollectionViewController.swift in Sources */ = {isa = PBXBuildFile; fileRef = 7E96F60D26B35A75001C6C59 /* HomeCollectionViewController.swift */; };
		7E96F61126B35D54001C6C59 /* GalleryCollectionViewCell.swift in Sources */ = {isa = PBXBuildFile; fileRef = 7E96F61026B35D54001C6C59 /* GalleryCollectionViewCell.swift */; };
		7E96F61626B4EC49001C6C59 /* SFProDisplay-Regular.ttf in Resources */ = {isa = PBXBuildFile; fileRef = 7E96F61526B4EC49001C6C59 /* SFProDisplay-Regular.ttf */; };
		7E96F61B26B4EE64001C6C59 /* DrawTableViewCell.swift in Sources */ = {isa = PBXBuildFile; fileRef = 7E96F61A26B4EE64001C6C59 /* DrawTableViewCell.swift */; };
		7E96F61E26B4EE8A001C6C59 /* ColorTableViewCell.swift in Sources */ = {isa = PBXBuildFile; fileRef = 7E96F61D26B4EE8A001C6C59 /* ColorTableViewCell.swift */; };
		7E96F62226B50644001C6C59 /* GalleryViewController.swift in Sources */ = {isa = PBXBuildFile; fileRef = 7E96F62126B50644001C6C59 /* GalleryViewController.swift */; };
		7E96F62526B5A0DD001C6C59 /* StoryViewController.swift in Sources */ = {isa = PBXBuildFile; fileRef = 7E96F62426B5A0DC001C6C59 /* StoryViewController.swift */; };
		7E96F62826B5A57C001C6C59 /* ChooseColorViewController.swift in Sources */ = {isa = PBXBuildFile; fileRef = 7E96F62726B5A57C001C6C59 /* ChooseColorViewController.swift */; };
		7E96F62F26B6447B001C6C59 /* PaintingState.swift in Sources */ = {isa = PBXBuildFile; fileRef = 7E96F62E26B6447B001C6C59 /* PaintingState.swift */; };
		7E96F63226B81302001C6C59 /* CloseButtonCustom.swift in Sources */ = {isa = PBXBuildFile; fileRef = 7E96F63126B81301001C6C59 /* CloseButtonCustom.swift */; };
		7EC8F01E26B8343F00DF0395 /* StoryView.swift in Sources */ = {isa = PBXBuildFile; fileRef = 7EC8F01D26B8343F00DF0395 /* StoryView.swift */; };
		7EC8F02726B8736D00DF0395 /* DrawingCollectionViewCell.swift in Sources */ = {isa = PBXBuildFile; fileRef = 7EC8F02626B8736D00DF0395 /* DrawingCollectionViewCell.swift */; };
		7ECC4D1026B9C1B00075E0F8 /* GalleryView.swift in Sources */ = {isa = PBXBuildFile; fileRef = 7ECC4D0F26B9C1B00075E0F8 /* GalleryView.swift */; };
		7ECC4D1326B9D6C40075E0F8 /* ImageCollectionViewCell.swift in Sources */ = {isa = PBXBuildFile; fileRef = 7ECC4D1226B9D6C40075E0F8 /* ImageCollectionViewCell.swift */; };
		7ECC4D2126BA09980075E0F8 /* ImageDetailViewController.swift in Sources */ = {isa = PBXBuildFile; fileRef = 7ECC4D2026BA09980075E0F8 /* ImageDetailViewController.swift */; };
		7ECC4D3A26BA8DEB0075E0F8 /* Data.swift in Sources */ = {isa = PBXBuildFile; fileRef = 7ECC4D2826BA8DEA0075E0F8 /* Data.swift */; };
		7ECC4D3B26BA8DEB0075E0F8 /* s3-text.txt in Resources */ = {isa = PBXBuildFile; fileRef = 7ECC4D2B26BA8DEA0075E0F8 /* s3-text.txt */; };
		7ECC4D3C26BA8DEB0075E0F8 /* s3-title.txt in Resources */ = {isa = PBXBuildFile; fileRef = 7ECC4D2C26BA8DEA0075E0F8 /* s3-title.txt */; };
		7ECC4D3D26BA8DEB0075E0F8 /* story-3-path.swift in Sources */ = {isa = PBXBuildFile; fileRef = 7ECC4D2D26BA8DEA0075E0F8 /* story-3-path.swift */; };
		7ECC4D3E26BA8DEB0075E0F8 /* s4-title.txt in Resources */ = {isa = PBXBuildFile; fileRef = 7ECC4D2F26BA8DEA0075E0F8 /* s4-title.txt */; };
		7ECC4D3F26BA8DEB0075E0F8 /* s4-text.txt in Resources */ = {isa = PBXBuildFile; fileRef = 7ECC4D3026BA8DEA0075E0F8 /* s4-text.txt */; };
		7ECC4D4026BA8DEB0075E0F8 /* story-4-path.swift in Sources */ = {isa = PBXBuildFile; fileRef = 7ECC4D3126BA8DEA0075E0F8 /* story-4-path.swift */; };
		7ECC4D4126BA8DEB0075E0F8 /* s2-title.txt in Resources */ = {isa = PBXBuildFile; fileRef = 7ECC4D3326BA8DEA0075E0F8 /* s2-title.txt */; };
		7ECC4D4226BA8DEB0075E0F8 /* s2-text.txt in Resources */ = {isa = PBXBuildFile; fileRef = 7ECC4D3426BA8DEA0075E0F8 /* s2-text.txt */; };
		7ECC4D4326BA8DEB0075E0F8 /* story-2-path.swift in Sources */ = {isa = PBXBuildFile; fileRef = 7ECC4D3526BA8DEA0075E0F8 /* story-2-path.swift */; };
		7ECC4D4426BA8DEB0075E0F8 /* s1-text.txt in Resources */ = {isa = PBXBuildFile; fileRef = 7ECC4D3726BA8DEA0075E0F8 /* s1-text.txt */; };
		7ECC4D4526BA8DEB0075E0F8 /* story-1-path.swift in Sources */ = {isa = PBXBuildFile; fileRef = 7ECC4D3826BA8DEA0075E0F8 /* story-1-path.swift */; };
		7ECC4D4626BA8DEB0075E0F8 /* s1-title.txt in Resources */ = {isa = PBXBuildFile; fileRef = 7ECC4D3926BA8DEA0075E0F8 /* s1-title.txt */; };
/* End PBXBuildFile section */

/* Begin PBXFileReference section */
		7E7E8C9126B14B63000B87D1 /* RSSchool_T9.app */ = {isa = PBXFileReference; explicitFileType = wrapper.application; includeInIndex = 0; path = RSSchool_T9.app; sourceTree = BUILT_PRODUCTS_DIR; };
		7E7E8C9426B14B63000B87D1 /* AppDelegate.swift */ = {isa = PBXFileReference; lastKnownFileType = sourcecode.swift; path = AppDelegate.swift; sourceTree = "<group>"; };
		7E7E8C9626B14B63000B87D1 /* SceneDelegate.swift */ = {isa = PBXFileReference; lastKnownFileType = sourcecode.swift; path = SceneDelegate.swift; sourceTree = "<group>"; };
		7E7E8C9D26B14B67000B87D1 /* Assets.xcassets */ = {isa = PBXFileReference; lastKnownFileType = folder.assetcatalog; path = Assets.xcassets; sourceTree = "<group>"; };
		7E7E8CA226B14B67000B87D1 /* Info.plist */ = {isa = PBXFileReference; lastKnownFileType = text.plist.xml; path = Info.plist; sourceTree = "<group>"; };
		7E90E90C26BAC7CD000D8DD8 /* ImageScrollViewController.swift */ = {isa = PBXFileReference; lastKnownFileType = sourcecode.swift; path = ImageScrollViewController.swift; sourceTree = "<group>"; };
		7E96F5FD26B29A78001C6C59 /* MainTabBarViewController.swift */ = {isa = PBXFileReference; lastKnownFileType = sourcecode.swift; path = MainTabBarViewController.swift; sourceTree = "<group>"; };
		7E96F60126B29E85001C6C59 /* RSSchool_T9-Bridging-Header.h */ = {isa = PBXFileReference; lastKnownFileType = sourcecode.c.h; path = "RSSchool_T9-Bridging-Header.h"; sourceTree = "<group>"; };
		7E96F60226B29E86001C6C59 /* SettingsViewController.h */ = {isa = PBXFileReference; lastKnownFileType = sourcecode.c.h; path = SettingsViewController.h; sourceTree = "<group>"; };
		7E96F60326B29E86001C6C59 /* SettingsViewController.m */ = {isa = PBXFileReference; lastKnownFileType = sourcecode.c.objc; path = SettingsViewController.m; sourceTree = "<group>"; };
		7E96F60D26B35A75001C6C59 /* HomeCollectionViewController.swift */ = {isa = PBXFileReference; lastKnownFileType = sourcecode.swift; path = HomeCollectionViewController.swift; sourceTree = "<group>"; };
		7E96F61026B35D54001C6C59 /* GalleryCollectionViewCell.swift */ = {isa = PBXFileReference; lastKnownFileType = sourcecode.swift; path = GalleryCollectionViewCell.swift; sourceTree = "<group>"; };
		7E96F61526B4EC49001C6C59 /* SFProDisplay-Regular.ttf */ = {isa = PBXFileReference; lastKnownFileType = file; path = "SFProDisplay-Regular.ttf"; sourceTree = "<group>"; };
		7E96F61A26B4EE64001C6C59 /* DrawTableViewCell.swift */ = {isa = PBXFileReference; lastKnownFileType = sourcecode.swift; path = DrawTableViewCell.swift; sourceTree = "<group>"; };
		7E96F61D26B4EE8A001C6C59 /* ColorTableViewCell.swift */ = {isa = PBXFileReference; lastKnownFileType = sourcecode.swift; path = ColorTableViewCell.swift; sourceTree = "<group>"; };
		7E96F62126B50644001C6C59 /* GalleryViewController.swift */ = {isa = PBXFileReference; lastKnownFileType = sourcecode.swift; path = GalleryViewController.swift; sourceTree = "<group>"; };
		7E96F62426B5A0DC001C6C59 /* StoryViewController.swift */ = {isa = PBXFileReference; lastKnownFileType = sourcecode.swift; path = StoryViewController.swift; sourceTree = "<group>"; };
		7E96F62726B5A57C001C6C59 /* ChooseColorViewController.swift */ = {isa = PBXFileReference; lastKnownFileType = sourcecode.swift; path = ChooseColorViewController.swift; sourceTree = "<group>"; };
		7E96F62E26B6447B001C6C59 /* PaintingState.swift */ = {isa = PBXFileReference; lastKnownFileType = sourcecode.swift; path = PaintingState.swift; sourceTree = "<group>"; };
		7E96F63126B81301001C6C59 /* CloseButtonCustom.swift */ = {isa = PBXFileReference; lastKnownFileType = sourcecode.swift; path = CloseButtonCustom.swift; sourceTree = "<group>"; };
		7EC8F01D26B8343F00DF0395 /* StoryView.swift */ = {isa = PBXFileReference; lastKnownFileType = sourcecode.swift; path = StoryView.swift; sourceTree = "<group>"; };
		7EC8F02626B8736D00DF0395 /* DrawingCollectionViewCell.swift */ = {isa = PBXFileReference; lastKnownFileType = sourcecode.swift; path = DrawingCollectionViewCell.swift; sourceTree = "<group>"; };
		7ECC4D0F26B9C1B00075E0F8 /* GalleryView.swift */ = {isa = PBXFileReference; lastKnownFileType = sourcecode.swift; path = GalleryView.swift; sourceTree = "<group>"; };
		7ECC4D1226B9D6C40075E0F8 /* ImageCollectionViewCell.swift */ = {isa = PBXFileReference; lastKnownFileType = sourcecode.swift; path = ImageCollectionViewCell.swift; sourceTree = "<group>"; };
		7ECC4D2026BA09980075E0F8 /* ImageDetailViewController.swift */ = {isa = PBXFileReference; lastKnownFileType = sourcecode.swift; path = ImageDetailViewController.swift; sourceTree = "<group>"; };
		7ECC4D2826BA8DEA0075E0F8 /* Data.swift */ = {isa = PBXFileReference; fileEncoding = 4; lastKnownFileType = sourcecode.swift; path = Data.swift; sourceTree = "<group>"; };
		7ECC4D2B26BA8DEA0075E0F8 /* s3-text.txt */ = {isa = PBXFileReference; fileEncoding = 4; lastKnownFileType = text; path = "s3-text.txt"; sourceTree = "<group>"; };
		7ECC4D2C26BA8DEA0075E0F8 /* s3-title.txt */ = {isa = PBXFileReference; fileEncoding = 4; lastKnownFileType = text; path = "s3-title.txt"; sourceTree = "<group>"; };
		7ECC4D2D26BA8DEA0075E0F8 /* story-3-path.swift */ = {isa = PBXFileReference; fileEncoding = 4; lastKnownFileType = sourcecode.swift; path = "story-3-path.swift"; sourceTree = "<group>"; };
		7ECC4D2F26BA8DEA0075E0F8 /* s4-title.txt */ = {isa = PBXFileReference; fileEncoding = 4; lastKnownFileType = text; path = "s4-title.txt"; sourceTree = "<group>"; };
		7ECC4D3026BA8DEA0075E0F8 /* s4-text.txt */ = {isa = PBXFileReference; fileEncoding = 4; lastKnownFileType = text; path = "s4-text.txt"; sourceTree = "<group>"; };
		7ECC4D3126BA8DEA0075E0F8 /* story-4-path.swift */ = {isa = PBXFileReference; fileEncoding = 4; lastKnownFileType = sourcecode.swift; path = "story-4-path.swift"; sourceTree = "<group>"; };
		7ECC4D3326BA8DEA0075E0F8 /* s2-title.txt */ = {isa = PBXFileReference; fileEncoding = 4; lastKnownFileType = text; path = "s2-title.txt"; sourceTree = "<group>"; };
		7ECC4D3426BA8DEA0075E0F8 /* s2-text.txt */ = {isa = PBXFileReference; fileEncoding = 4; lastKnownFileType = text; path = "s2-text.txt"; sourceTree = "<group>"; };
		7ECC4D3526BA8DEA0075E0F8 /* story-2-path.swift */ = {isa = PBXFileReference; fileEncoding = 4; lastKnownFileType = sourcecode.swift; path = "story-2-path.swift"; sourceTree = "<group>"; };
		7ECC4D3726BA8DEA0075E0F8 /* s1-text.txt */ = {isa = PBXFileReference; fileEncoding = 4; lastKnownFileType = text; path = "s1-text.txt"; sourceTree = "<group>"; };
		7ECC4D3826BA8DEA0075E0F8 /* story-1-path.swift */ = {isa = PBXFileReference; fileEncoding = 4; lastKnownFileType = sourcecode.swift; path = "story-1-path.swift"; sourceTree = "<group>"; };
		7ECC4D3926BA8DEA0075E0F8 /* s1-title.txt */ = {isa = PBXFileReference; fileEncoding = 4; lastKnownFileType = text; path = "s1-title.txt"; sourceTree = "<group>"; };
/* End PBXFileReference section */

/* Begin PBXFrameworksBuildPhase section */
		7E7E8C8E26B14B63000B87D1 /* Frameworks */ = {
			isa = PBXFrameworksBuildPhase;
			buildActionMask = 2147483647;
			files = (
			);
			runOnlyForDeploymentPostprocessing = 0;
		};
/* End PBXFrameworksBuildPhase section */

/* Begin PBXGroup section */
		7E7E8C8826B14B63000B87D1 = {
			isa = PBXGroup;
			children = (
				7E7E8C9326B14B63000B87D1 /* RSSchool_T9 */,
				7E7E8C9226B14B63000B87D1 /* Products */,
			);
			sourceTree = "<group>";
		};
		7E7E8C9226B14B63000B87D1 /* Products */ = {
			isa = PBXGroup;
			children = (
				7E7E8C9126B14B63000B87D1 /* RSSchool_T9.app */,
			);
			name = Products;
			sourceTree = "<group>";
		};
		7E7E8C9326B14B63000B87D1 /* RSSchool_T9 */ = {
			isa = PBXGroup;
			children = (
				7E7E8C9426B14B63000B87D1 /* AppDelegate.swift */,
				7E7E8C9626B14B63000B87D1 /* SceneDelegate.swift */,
				7E7E8CA226B14B67000B87D1 /* Info.plist */,
				7E96F61026B35D54001C6C59 /* GalleryCollectionViewCell.swift */,
				7EC8F02626B8736D00DF0395 /* DrawingCollectionViewCell.swift */,
				7ECC4D1226B9D6C40075E0F8 /* ImageCollectionViewCell.swift */,
				7E96F61A26B4EE64001C6C59 /* DrawTableViewCell.swift */,
				7E96F61D26B4EE8A001C6C59 /* ColorTableViewCell.swift */,
				7E96F63126B81301001C6C59 /* CloseButtonCustom.swift */,
				7EC8F01D26B8343F00DF0395 /* StoryView.swift */,
				7ECC4D0F26B9C1B00075E0F8 /* GalleryView.swift */,
				7E90E90C26BAC7CD000D8DD8 /* ImageScrollViewController.swift */,
				7ECC4D2026BA09980075E0F8 /* ImageDetailViewController.swift */,
				7E96F60226B29E86001C6C59 /* SettingsViewController.h */,
				7E96F60326B29E86001C6C59 /* SettingsViewController.m */,
				7E96F62726B5A57C001C6C59 /* ChooseColorViewController.swift */,
				7E96F60D26B35A75001C6C59 /* HomeCollectionViewController.swift */,
				7E96F62126B50644001C6C59 /* GalleryViewController.swift */,
				7E96F62426B5A0DC001C6C59 /* StoryViewController.swift */,
				7E96F5FD26B29A78001C6C59 /* MainTabBarViewController.swift */,
				7ECC4D2726BA8DEA0075E0F8 /* Data */,
				7E7E8C9D26B14B67000B87D1 /* Assets.xcassets */,
				7E96F60126B29E85001C6C59 /* RSSchool_T9-Bridging-Header.h */,
				7E96F62E26B6447B001C6C59 /* PaintingState.swift */,
				7E96F61826B4EC4F001C6C59 /* Fonts */,
			);
			path = RSSchool_T9;
			sourceTree = "<group>";
		};
		7E96F61826B4EC4F001C6C59 /* Fonts */ = {
			isa = PBXGroup;
			children = (
				7E96F61526B4EC49001C6C59 /* SFProDisplay-Regular.ttf */,
			);
			path = Fonts;
			sourceTree = "<group>";
		};
		7ECC4D2726BA8DEA0075E0F8 /* Data */ = {
			isa = PBXGroup;
			children = (
				7ECC4D2826BA8DEA0075E0F8 /* Data.swift */,
				7ECC4D2926BA8DEA0075E0F8 /* Static */,
			);
			path = Data;
			sourceTree = "<group>";
		};
		7ECC4D2926BA8DEA0075E0F8 /* Static */ = {
			isa = PBXGroup;
			children = (
				7ECC4D2A26BA8DEA0075E0F8 /* story-3 */,
				7ECC4D2E26BA8DEA0075E0F8 /* story-4 */,
				7ECC4D3226BA8DEA0075E0F8 /* story-2 */,
				7ECC4D3626BA8DEA0075E0F8 /* story-1 */,
			);
			path = Static;
			sourceTree = "<group>";
		};
		7ECC4D2A26BA8DEA0075E0F8 /* story-3 */ = {
			isa = PBXGroup;
			children = (
				7ECC4D2B26BA8DEA0075E0F8 /* s3-text.txt */,
				7ECC4D2C26BA8DEA0075E0F8 /* s3-title.txt */,
				7ECC4D2D26BA8DEA0075E0F8 /* story-3-path.swift */,
			);
			path = "story-3";
			sourceTree = "<group>";
		};
		7ECC4D2E26BA8DEA0075E0F8 /* story-4 */ = {
			isa = PBXGroup;
			children = (
				7ECC4D2F26BA8DEA0075E0F8 /* s4-title.txt */,
				7ECC4D3026BA8DEA0075E0F8 /* s4-text.txt */,
				7ECC4D3126BA8DEA0075E0F8 /* story-4-path.swift */,
			);
			path = "story-4";
			sourceTree = "<group>";
		};
		7ECC4D3226BA8DEA0075E0F8 /* story-2 */ = {
			isa = PBXGroup;
			children = (
				7ECC4D3326BA8DEA0075E0F8 /* s2-title.txt */,
				7ECC4D3426BA8DEA0075E0F8 /* s2-text.txt */,
				7ECC4D3526BA8DEA0075E0F8 /* story-2-path.swift */,
			);
			path = "story-2";
			sourceTree = "<group>";
		};
		7ECC4D3626BA8DEA0075E0F8 /* story-1 */ = {
			isa = PBXGroup;
			children = (
				7ECC4D3726BA8DEA0075E0F8 /* s1-text.txt */,
				7ECC4D3826BA8DEA0075E0F8 /* story-1-path.swift */,
				7ECC4D3926BA8DEA0075E0F8 /* s1-title.txt */,
			);
			path = "story-1";
			sourceTree = "<group>";
		};
/* End PBXGroup section */

/* Begin PBXNativeTarget section */
		7E7E8C9026B14B63000B87D1 /* RSSchool_T9 */ = {
			isa = PBXNativeTarget;
			buildConfigurationList = 7E7E8CA526B14B67000B87D1 /* Build configuration list for PBXNativeTarget "RSSchool_T9" */;
			buildPhases = (
				7E7E8C8D26B14B63000B87D1 /* Sources */,
				7E7E8C8E26B14B63000B87D1 /* Frameworks */,
				7E7E8C8F26B14B63000B87D1 /* Resources */,
			);
			buildRules = (
			);
			dependencies = (
			);
			name = RSSchool_T9;
			productName = RSSchool_T9;
			productReference = 7E7E8C9126B14B63000B87D1 /* RSSchool_T9.app */;
			productType = "com.apple.product-type.application";
		};
/* End PBXNativeTarget section */

/* Begin PBXProject section */
		7E7E8C8926B14B63000B87D1 /* Project object */ = {
			isa = PBXProject;
			attributes = {
				LastSwiftUpdateCheck = 1240;
				LastUpgradeCheck = 1240;
				TargetAttributes = {
					7E7E8C9026B14B63000B87D1 = {
						CreatedOnToolsVersion = 12.4;
						LastSwiftMigration = 1240;
					};
				};
			};
			buildConfigurationList = 7E7E8C8C26B14B63000B87D1 /* Build configuration list for PBXProject "RSSchool_T9" */;
			compatibilityVersion = "Xcode 9.3";
			developmentRegion = en;
			hasScannedForEncodings = 0;
			knownRegions = (
				en,
				Base,
			);
			mainGroup = 7E7E8C8826B14B63000B87D1;
			productRefGroup = 7E7E8C9226B14B63000B87D1 /* Products */;
			projectDirPath = "";
			projectRoot = "";
			targets = (
				7E7E8C9026B14B63000B87D1 /* RSSchool_T9 */,
			);
		};
/* End PBXProject section */

/* Begin PBXResourcesBuildPhase section */
		7E7E8C8F26B14B63000B87D1 /* Resources */ = {
			isa = PBXResourcesBuildPhase;
			buildActionMask = 2147483647;
			files = (
				7E96F61626B4EC49001C6C59 /* SFProDisplay-Regular.ttf in Resources */,
				7ECC4D3B26BA8DEB0075E0F8 /* s3-text.txt in Resources */,
				7ECC4D3F26BA8DEB0075E0F8 /* s4-text.txt in Resources */,
				7ECC4D3C26BA8DEB0075E0F8 /* s3-title.txt in Resources */,
				7ECC4D3E26BA8DEB0075E0F8 /* s4-title.txt in Resources */,
				7ECC4D4226BA8DEB0075E0F8 /* s2-text.txt in Resources */,
				7ECC4D4126BA8DEB0075E0F8 /* s2-title.txt in Resources */,
				7E7E8C9E26B14B67000B87D1 /* Assets.xcassets in Resources */,
				7ECC4D4426BA8DEB0075E0F8 /* s1-text.txt in Resources */,
				7ECC4D4626BA8DEB0075E0F8 /* s1-title.txt in Resources */,
			);
			runOnlyForDeploymentPostprocessing = 0;
		};
/* End PBXResourcesBuildPhase section */

/* Begin PBXSourcesBuildPhase section */
		7E7E8C8D26B14B63000B87D1 /* Sources */ = {
			isa = PBXSourcesBuildPhase;
			buildActionMask = 2147483647;
			files = (
				7E96F62526B5A0DD001C6C59 /* StoryViewController.swift in Sources */,
				7E96F62F26B6447B001C6C59 /* PaintingState.swift in Sources */,
				7E96F61B26B4EE64001C6C59 /* DrawTableViewCell.swift in Sources */,
				7E96F5FE26B29A78001C6C59 /* MainTabBarViewController.swift in Sources */,
				7ECC4D3D26BA8DEB0075E0F8 /* story-3-path.swift in Sources */,
				7E96F62826B5A57C001C6C59 /* ChooseColorViewController.swift in Sources */,
				7ECC4D1026B9C1B00075E0F8 /* GalleryView.swift in Sources */,
				7ECC4D1326B9D6C40075E0F8 /* ImageCollectionViewCell.swift in Sources */,
				7E96F61126B35D54001C6C59 /* GalleryCollectionViewCell.swift in Sources */,
				7E7E8C9526B14B63000B87D1 /* AppDelegate.swift in Sources */,
				7E96F60426B29E86001C6C59 /* SettingsViewController.m in Sources */,
				7ECC4D3A26BA8DEB0075E0F8 /* Data.swift in Sources */,
				7E96F61E26B4EE8A001C6C59 /* ColorTableViewCell.swift in Sources */,
				7EC8F02726B8736D00DF0395 /* DrawingCollectionViewCell.swift in Sources */,
				7ECC4D4026BA8DEB0075E0F8 /* story-4-path.swift in Sources */,
				7E90E90D26BAC7CD000D8DD8 /* ImageScrollViewController.swift in Sources */,
				7E96F62226B50644001C6C59 /* GalleryViewController.swift in Sources */,
				7EC8F01E26B8343F00DF0395 /* StoryView.swift in Sources */,
				7ECC4D4326BA8DEB0075E0F8 /* story-2-path.swift in Sources */,
				7E7E8C9726B14B63000B87D1 /* SceneDelegate.swift in Sources */,
				7E96F60E26B35A75001C6C59 /* HomeCollectionViewController.swift in Sources */,
				7ECC4D2126BA09980075E0F8 /* ImageDetailViewController.swift in Sources */,
				7ECC4D4526BA8DEB0075E0F8 /* story-1-path.swift in Sources */,
				7E96F63226B81302001C6C59 /* CloseButtonCustom.swift in Sources */,
			);
			runOnlyForDeploymentPostprocessing = 0;
		};
/* End PBXSourcesBuildPhase section */

/* Begin XCBuildConfiguration section */
		7E7E8CA326B14B67000B87D1 /* Debug */ = {
			isa = XCBuildConfiguration;
			buildSettings = {
				ALWAYS_SEARCH_USER_PATHS = NO;
				CLANG_ANALYZER_NONNULL = YES;
				CLANG_ANALYZER_NUMBER_OBJECT_CONVERSION = YES_AGGRESSIVE;
				CLANG_CXX_LANGUAGE_STANDARD = "gnu++14";
				CLANG_CXX_LIBRARY = "libc++";
				CLANG_ENABLE_MODULES = YES;
				CLANG_ENABLE_OBJC_ARC = YES;
				CLANG_ENABLE_OBJC_WEAK = YES;
				CLANG_WARN_BLOCK_CAPTURE_AUTORELEASING = YES;
				CLANG_WARN_BOOL_CONVERSION = YES;
				CLANG_WARN_COMMA = YES;
				CLANG_WARN_CONSTANT_CONVERSION = YES;
				CLANG_WARN_DEPRECATED_OBJC_IMPLEMENTATIONS = YES;
				CLANG_WARN_DIRECT_OBJC_ISA_USAGE = YES_ERROR;
				CLANG_WARN_DOCUMENTATION_COMMENTS = YES;
				CLANG_WARN_EMPTY_BODY = YES;
				CLANG_WARN_ENUM_CONVERSION = YES;
				CLANG_WARN_INFINITE_RECURSION = YES;
				CLANG_WARN_INT_CONVERSION = YES;
				CLANG_WARN_NON_LITERAL_NULL_CONVERSION = YES;
				CLANG_WARN_OBJC_IMPLICIT_RETAIN_SELF = YES;
				CLANG_WARN_OBJC_LITERAL_CONVERSION = YES;
				CLANG_WARN_OBJC_ROOT_CLASS = YES_ERROR;
				CLANG_WARN_QUOTED_INCLUDE_IN_FRAMEWORK_HEADER = YES;
				CLANG_WARN_RANGE_LOOP_ANALYSIS = YES;
				CLANG_WARN_STRICT_PROTOTYPES = YES;
				CLANG_WARN_SUSPICIOUS_MOVE = YES;
				CLANG_WARN_UNGUARDED_AVAILABILITY = YES_AGGRESSIVE;
				CLANG_WARN_UNREACHABLE_CODE = YES;
				CLANG_WARN__DUPLICATE_METHOD_MATCH = YES;
				COPY_PHASE_STRIP = NO;
				DEBUG_INFORMATION_FORMAT = dwarf;
				ENABLE_STRICT_OBJC_MSGSEND = YES;
				ENABLE_TESTABILITY = YES;
				GCC_C_LANGUAGE_STANDARD = gnu11;
				GCC_DYNAMIC_NO_PIC = NO;
				GCC_NO_COMMON_BLOCKS = YES;
				GCC_OPTIMIZATION_LEVEL = 0;
				GCC_PREPROCESSOR_DEFINITIONS = (
					"DEBUG=1",
					"$(inherited)",
				);
				GCC_WARN_64_TO_32_BIT_CONVERSION = YES;
				GCC_WARN_ABOUT_RETURN_TYPE = YES_ERROR;
				GCC_WARN_UNDECLARED_SELECTOR = YES;
				GCC_WARN_UNINITIALIZED_AUTOS = YES_AGGRESSIVE;
				GCC_WARN_UNUSED_FUNCTION = YES;
				GCC_WARN_UNUSED_VARIABLE = YES;
				IPHONEOS_DEPLOYMENT_TARGET = 13.0;
				MTL_ENABLE_DEBUG_INFO = INCLUDE_SOURCE;
				MTL_FAST_MATH = YES;
				ONLY_ACTIVE_ARCH = YES;
				SDKROOT = iphoneos;
				SWIFT_ACTIVE_COMPILATION_CONDITIONS = DEBUG;
				SWIFT_OPTIMIZATION_LEVEL = "-Onone";
			};
			name = Debug;
		};
		7E7E8CA426B14B67000B87D1 /* Release */ = {
			isa = XCBuildConfiguration;
			buildSettings = {
				ALWAYS_SEARCH_USER_PATHS = NO;
				CLANG_ANALYZER_NONNULL = YES;
				CLANG_ANALYZER_NUMBER_OBJECT_CONVERSION = YES_AGGRESSIVE;
				CLANG_CXX_LANGUAGE_STANDARD = "gnu++14";
				CLANG_CXX_LIBRARY = "libc++";
				CLANG_ENABLE_MODULES = YES;
				CLANG_ENABLE_OBJC_ARC = YES;
				CLANG_ENABLE_OBJC_WEAK = YES;
				CLANG_WARN_BLOCK_CAPTURE_AUTORELEASING = YES;
				CLANG_WARN_BOOL_CONVERSION = YES;
				CLANG_WARN_COMMA = YES;
				CLANG_WARN_CONSTANT_CONVERSION = YES;
				CLANG_WARN_DEPRECATED_OBJC_IMPLEMENTATIONS = YES;
				CLANG_WARN_DIRECT_OBJC_ISA_USAGE = YES_ERROR;
				CLANG_WARN_DOCUMENTATION_COMMENTS = YES;
				CLANG_WARN_EMPTY_BODY = YES;
				CLANG_WARN_ENUM_CONVERSION = YES;
				CLANG_WARN_INFINITE_RECURSION = YES;
				CLANG_WARN_INT_CONVERSION = YES;
				CLANG_WARN_NON_LITERAL_NULL_CONVERSION = YES;
				CLANG_WARN_OBJC_IMPLICIT_RETAIN_SELF = YES;
				CLANG_WARN_OBJC_LITERAL_CONVERSION = YES;
				CLANG_WARN_OBJC_ROOT_CLASS = YES_ERROR;
				CLANG_WARN_QUOTED_INCLUDE_IN_FRAMEWORK_HEADER = YES;
				CLANG_WARN_RANGE_LOOP_ANALYSIS = YES;
				CLANG_WARN_STRICT_PROTOTYPES = YES;
				CLANG_WARN_SUSPICIOUS_MOVE = YES;
				CLANG_WARN_UNGUARDED_AVAILABILITY = YES_AGGRESSIVE;
				CLANG_WARN_UNREACHABLE_CODE = YES;
				CLANG_WARN__DUPLICATE_METHOD_MATCH = YES;
				COPY_PHASE_STRIP = NO;
				DEBUG_INFORMATION_FORMAT = "dwarf-with-dsym";
				ENABLE_NS_ASSERTIONS = NO;
				ENABLE_STRICT_OBJC_MSGSEND = YES;
				GCC_C_LANGUAGE_STANDARD = gnu11;
				GCC_NO_COMMON_BLOCKS = YES;
				GCC_WARN_64_TO_32_BIT_CONVERSION = YES;
				GCC_WARN_ABOUT_RETURN_TYPE = YES_ERROR;
				GCC_WARN_UNDECLARED_SELECTOR = YES;
				GCC_WARN_UNINITIALIZED_AUTOS = YES_AGGRESSIVE;
				GCC_WARN_UNUSED_FUNCTION = YES;
				GCC_WARN_UNUSED_VARIABLE = YES;
				IPHONEOS_DEPLOYMENT_TARGET = 13.0;
				MTL_ENABLE_DEBUG_INFO = NO;
				MTL_FAST_MATH = YES;
				SDKROOT = iphoneos;
				SWIFT_COMPILATION_MODE = wholemodule;
				SWIFT_OPTIMIZATION_LEVEL = "-O";
				VALIDATE_PRODUCT = YES;
			};
			name = Release;
		};
		7E7E8CA626B14B67000B87D1 /* Debug */ = {
			isa = XCBuildConfiguration;
			buildSettings = {
				ASSETCATALOG_COMPILER_APPICON_NAME = AppIcon;
				ASSETCATALOG_COMPILER_GLOBAL_ACCENT_COLOR_NAME = AccentColor;
				CLANG_ENABLE_MODULES = YES;
				CODE_SIGN_STYLE = Automatic;
				DEFINES_MODULE = YES;
				DEVELOPMENT_TEAM = YJU4C5647B;
				INFOPLIST_FILE = RSSchool_T9/Info.plist;
				IPHONEOS_DEPLOYMENT_TARGET = 13.0;
				LD_RUNPATH_SEARCH_PATHS = (
					"$(inherited)",
					"@executable_path/Frameworks",
				);
				PRODUCT_BUNDLE_IDENTIFIER = "romax114.RSSchool-T9";
				PRODUCT_NAME = "$(TARGET_NAME)";
				SWIFT_OBJC_BRIDGING_HEADER = "RSSchool_T9/RSSchool_T9-Bridging-Header.h";
				SWIFT_OPTIMIZATION_LEVEL = "-Onone";
				SWIFT_VERSION = 5.0;
				TARGETED_DEVICE_FAMILY = 1;
			};
			name = Debug;
		};
		7E7E8CA726B14B67000B87D1 /* Release */ = {
			isa = XCBuildConfiguration;
			buildSettings = {
				ASSETCATALOG_COMPILER_APPICON_NAME = AppIcon;
				ASSETCATALOG_COMPILER_GLOBAL_ACCENT_COLOR_NAME = AccentColor;
				CLANG_ENABLE_MODULES = YES;
				CODE_SIGN_STYLE = Automatic;
				DEFINES_MODULE = YES;
				DEVELOPMENT_TEAM = YJU4C5647B;
				INFOPLIST_FILE = RSSchool_T9/Info.plist;
				IPHONEOS_DEPLOYMENT_TARGET = 13.0;
				LD_RUNPATH_SEARCH_PATHS = (
					"$(inherited)",
					"@executable_path/Frameworks",
				);
				PRODUCT_BUNDLE_IDENTIFIER = "romax114.RSSchool-T9";
				PRODUCT_NAME = "$(TARGET_NAME)";
				SWIFT_OBJC_BRIDGING_HEADER = "RSSchool_T9/RSSchool_T9-Bridging-Header.h";
				SWIFT_VERSION = 5.0;
				TARGETED_DEVICE_FAMILY = 1;
			};
			name = Release;
		};
/* End XCBuildConfiguration section */

/* Begin XCConfigurationList section */
		7E7E8C8C26B14B63000B87D1 /* Build configuration list for PBXProject "RSSchool_T9" */ = {
			isa = XCConfigurationList;
			buildConfigurations = (
				7E7E8CA326B14B67000B87D1 /* Debug */,
				7E7E8CA426B14B67000B87D1 /* Release */,
			);
			defaultConfigurationIsVisible = 0;
			defaultConfigurationName = Release;
		};
		7E7E8CA526B14B67000B87D1 /* Build configuration list for PBXNativeTarget "RSSchool_T9" */ = {
			isa = XCConfigurationList;
			buildConfigurations = (
				7E7E8CA626B14B67000B87D1 /* Debug */,
				7E7E8CA726B14B67000B87D1 /* Release */,
			);
			defaultConfigurationIsVisible = 0;
			defaultConfigurationName = Release;
		};
/* End XCConfigurationList section */
	};
	rootObject = 7E7E8C8926B14B63000B87D1 /* Project object */;
}
